
Microsoft Visual Studio Solution File, Format Version 12.00
# Visual Studio Version 16
VisualStudioVersion = 16.0.29613.14
MinimumVisualStudioVersion = 10.0.40219.1
Project("{FAE04EC0-301F-11D3-BF4B-00C04F79EFBC}") = "WebAppWipro", "WebAppTest01\WebAppWipro.csproj", "{7CEC0E41-6558-47C5-9621-7B66D4380C4E}"
EndProject
Global
	GlobalSection(SolutionConfigurationPlatforms) = preSolution
		Debug|Any CPU = Debug|Any CPU
		Release|Any CPU = Release|Any CPU
	EndGlobalSection
	GlobalSection(ProjectConfigurationPlatforms) = postSolution
		{7CEC0E41-6558-47C5-9621-7B66D4380C4E}.Debug|Any CPU.ActiveCfg = Debug|Any CPU
		{7CEC0E41-6558-47C5-9621-7B66D4380C4E}.Debug|Any CPU.Build.0 = Debug|Any CPU
		{7CEC0E41-6558-47C5-9621-7B66D4380C4E}.Release|Any CPU.ActiveCfg = Release|Any CPU
		{7CEC0E41-6558-47C5-9621-7B66D4380C4E}.Release|Any CPU.Build.0 = Release|Any CPU
	EndGlobalSection
	GlobalSection(SolutionProperties) = preSolution
		HideSolutionNode = FALSE
	EndGlobalSection
	GlobalSection(ExtensibilityGlobals) = postSolution
		SolutionGuid = {C28F8CDA-7ADC-471C-A091-45A3ED69EF86}
	EndGlobalSection
EndGlobal
